
Microsoft Visual Studio Solution File, Format Version 12.00
# Visual Studio Version 16
VisualStudioVersion = 16.6.30114.105
MinimumVisualStudioVersion = 10.0.40219.1
Project("{2150E333-8FDC-42A3-9474-1A3956D46DE8}") = "src", "src", "{76DB5465-F90F-4D71-BD47-67EB5EB9D8A6}"
EndProject
Project("{FAE04EC0-301F-11D3-BF4B-00C04F79EFBC}") = "Application", "src\Application\Application.csproj", "{E8942CF1-5EA0-4901-B91F-265EED9598B8}"
EndProject
Project("{FAE04EC0-301F-11D3-BF4B-00C04F79EFBC}") = "Domain", "src\Domain\Domain.csproj", "{68F8859D-6CEC-4EE2-9850-9ADB4A1DBD0A}"
EndProject
Project("{FAE04EC0-301F-11D3-BF4B-00C04F79EFBC}") = "Presentation", "src\Presentation\Presentation.csproj", "{DAD0AECB-E399-49F5-B650-C1A1B3EEA745}"
EndProject
Project("{FAE04EC0-301F-11D3-BF4B-00C04F79EFBC}") = "tests", "tests\tests.csproj", "{7446CD9E-791B-400C-8DDF-F1C78BBADE69}"
EndProject
Global
	GlobalSection(SolutionConfigurationPlatforms) = preSolution
		Debug|Any CPU = Debug|Any CPU
		Debug|x64 = Debug|x64
		Debug|x86 = Debug|x86
		Release|Any CPU = Release|Any CPU
		Release|x64 = Release|x64
		Release|x86 = Release|x86
	EndGlobalSection
	GlobalSection(SolutionProperties) = preSolution
		HideSolutionNode = FALSE
	EndGlobalSection
	GlobalSection(ProjectConfigurationPlatforms) = postSolution
		{E8942CF1-5EA0-4901-B91F-265EED9598B8}.Debug|Any CPU.ActiveCfg = Debug|Any CPU
		{E8942CF1-5EA0-4901-B91F-265EED9598B8}.Debug|Any CPU.Build.0 = Debug|Any CPU
		{E8942CF1-5EA0-4901-B91F-265EED9598B8}.Debug|x64.ActiveCfg = Debug|Any CPU
		{E8942CF1-5EA0-4901-B91F-265EED9598B8}.Debug|x64.Build.0 = Debug|Any CPU
		{E8942CF1-5EA0-4901-B91F-265EED9598B8}.Debug|x86.ActiveCfg = Debug|Any CPU
		{E8942CF1-5EA0-4901-B91F-265EED9598B8}.Debug|x86.Build.0 = Debug|Any CPU
		{E8942CF1-5EA0-4901-B91F-265EED9598B8}.Release|Any CPU.ActiveCfg = Release|Any CPU
		{E8942CF1-5EA0-4901-B91F-265EED9598B8}.Release|Any CPU.Build.0 = Release|Any CPU
		{E8942CF1-5EA0-4901-B91F-265EED9598B8}.Release|x64.ActiveCfg = Release|Any CPU
		{E8942CF1-5EA0-4901-B91F-265EED9598B8}.Release|x64.Build.0 = Release|Any CPU
		{E8942CF1-5EA0-4901-B91F-265EED9598B8}.Release|x86.ActiveCfg = Release|Any CPU
		{E8942CF1-5EA0-4901-B91F-265EED9598B8}.Release|x86.Build.0 = Release|Any CPU
		{68F8859D-6CEC-4EE2-9850-9ADB4A1DBD0A}.Debug|Any CPU.ActiveCfg = Debug|Any CPU
		{68F8859D-6CEC-4EE2-9850-9ADB4A1DBD0A}.Debug|Any CPU.Build.0 = Debug|Any CPU
		{68F8859D-6CEC-4EE2-9850-9ADB4A1DBD0A}.Debug|x64.ActiveCfg = Debug|Any CPU
		{68F8859D-6CEC-4EE2-9850-9ADB4A1DBD0A}.Debug|x64.Build.0 = Debug|Any CPU
		{68F8859D-6CEC-4EE2-9850-9ADB4A1DBD0A}.Debug|x86.ActiveCfg = Debug|Any CPU
		{68F8859D-6CEC-4EE2-9850-9ADB4A1DBD0A}.Debug|x86.Build.0 = Debug|Any CPU
		{68F8859D-6CEC-4EE2-9850-9ADB4A1DBD0A}.Release|Any CPU.ActiveCfg = Release|Any CPU
		{68F8859D-6CEC-4EE2-9850-9ADB4A1DBD0A}.Release|Any CPU.Build.0 = Release|Any CPU
		{68F8859D-6CEC-4EE2-9850-9ADB4A1DBD0A}.Release|x64.ActiveCfg = Release|Any CPU
		{68F8859D-6CEC-4EE2-9850-9ADB4A1DBD0A}.Release|x64.Build.0 = Release|Any CPU
		{68F8859D-6CEC-4EE2-9850-9ADB4A1DBD0A}.Release|x86.ActiveCfg = Release|Any CPU
		{68F8859D-6CEC-4EE2-9850-9ADB4A1DBD0A}.Release|x86.Build.0 = Release|Any CPU
		{DAD0AECB-E399-49F5-B650-C1A1B3EEA745}.Debug|Any CPU.ActiveCfg = Debug|Any CPU
		{DAD0AECB-E399-49F5-B650-C1A1B3EEA745}.Debug|Any CPU.Build.0 = Debug|Any CPU
		{DAD0AECB-E399-49F5-B650-C1A1B3EEA745}.Debug|x64.ActiveCfg = Debug|Any CPU
		{DAD0AECB-E399-49F5-B650-C1A1B3EEA745}.Debug|x64.Build.0 = Debug|Any CPU
		{DAD0AECB-E399-49F5-B650-C1A1B3EEA745}.Debug|x86.ActiveCfg = Debug|Any CPU
		{DAD0AECB-E399-49F5-B650-C1A1B3EEA745}.Debug|x86.Build.0 = Debug|Any CPU
		{DAD0AECB-E399-49F5-B650-C1A1B3EEA745}.Release|Any CPU.ActiveCfg = Release|Any CPU
		{DAD0AECB-E399-49F5-B650-C1A1B3EEA745}.Release|Any CPU.Build.0 = Release|Any CPU
		{DAD0AECB-E399-49F5-B650-C1A1B3EEA745}.Release|x64.ActiveCfg = Release|Any CPU
		{DAD0AECB-E399-49F5-B650-C1A1B3EEA745}.Release|x64.Build.0 = Release|Any CPU
		{DAD0AECB-E399-49F5-B650-C1A1B3EEA745}.Release|x86.ActiveCfg = Release|Any CPU
		{DAD0AECB-E399-49F5-B650-C1A1B3EEA745}.Release|x86.Build.0 = Release|Any CPU
		{7446CD9E-791B-400C-8DDF-F1C78BBADE69}.Debug|Any CPU.ActiveCfg = Debug|Any CPU
		{7446CD9E-791B-400C-8DDF-F1C78BBADE69}.Debug|Any CPU.Build.0 = Debug|Any CPU
		{7446CD9E-791B-400C-8DDF-F1C78BBADE69}.Debug|x64.ActiveCfg = Debug|Any CPU
		{7446CD9E-791B-400C-8DDF-F1C78BBADE69}.Debug|x64.Build.0 = Debug|Any CPU
		{7446CD9E-791B-400C-8DDF-F1C78BBADE69}.Debug|x86.ActiveCfg = Debug|Any CPU
		{7446CD9E-791B-400C-8DDF-F1C78BBADE69}.Debug|x86.Build.0 = Debug|Any CPU
		{7446CD9E-791B-400C-8DDF-F1C78BBADE69}.Release|Any CPU.ActiveCfg = Release|Any CPU
		{7446CD9E-791B-400C-8DDF-F1C78BBADE69}.Release|Any CPU.Build.0 = Release|Any CPU
		{7446CD9E-791B-400C-8DDF-F1C78BBADE69}.Release|x64.ActiveCfg = Release|Any CPU
		{7446CD9E-791B-400C-8DDF-F1C78BBADE69}.Release|x64.Build.0 = Release|Any CPU
		{7446CD9E-791B-400C-8DDF-F1C78BBADE69}.Release|x86.ActiveCfg = Release|Any CPU
		{7446CD9E-791B-400C-8DDF-F1C78BBADE69}.Release|x86.Build.0 = Release|Any CPU
	EndGlobalSection
	GlobalSection(NestedProjects) = preSolution
		{E8942CF1-5EA0-4901-B91F-265EED9598B8} = {76DB5465-F90F-4D71-BD47-67EB5EB9D8A6}
		{68F8859D-6CEC-4EE2-9850-9ADB4A1DBD0A} = {76DB5465-F90F-4D71-BD47-67EB5EB9D8A6}
		{DAD0AECB-E399-49F5-B650-C1A1B3EEA745} = {76DB5465-F90F-4D71-BD47-67EB5EB9D8A6}
	EndGlobalSection
EndGlobal
